
Microsoft Visual Studio Solution File, Format Version 12.00
# Visual Studio 15
VisualStudioVersion = 15.0.28010.2003
MinimumVisualStudioVersion = 10.0.40219.1
Project("{FAE04EC0-301F-11D3-BF4B-00C04F79EFBC}") = "PracticaPrimerParcial.ServiceWCF", "PracticaPrimerParcial.ServiceWCF\PracticaPrimerParcial.ServiceWCF.csproj", "{AA686C32-863F-48A2-B9D4-6E22041155B0}"
EndProject
Project("{FAE04EC0-301F-11D3-BF4B-00C04F79EFBC}") = "PracticaPrimerParcial.PruebaUnitaria", "PracticaPrimerParcial.PruebaUnitaria\PracticaPrimerParcial.PruebaUnitaria.csproj", "{6E8C6FFA-A460-4B65-92FC-816AA83DE2BB}"
EndProject
Global
	GlobalSection(SolutionConfigurationPlatforms) = preSolution
		Debug|Any CPU = Debug|Any CPU
		Release|Any CPU = Release|Any CPU
	EndGlobalSection
	GlobalSection(ProjectConfigurationPlatforms) = postSolution
		{AA686C32-863F-48A2-B9D4-6E22041155B0}.Debug|Any CPU.ActiveCfg = Debug|Any CPU
		{AA686C32-863F-48A2-B9D4-6E22041155B0}.Debug|Any CPU.Build.0 = Debug|Any CPU
		{AA686C32-863F-48A2-B9D4-6E22041155B0}.Release|Any CPU.ActiveCfg = Release|Any CPU
		{AA686C32-863F-48A2-B9D4-6E22041155B0}.Release|Any CPU.Build.0 = Release|Any CPU
		{6E8C6FFA-A460-4B65-92FC-816AA83DE2BB}.Debug|Any CPU.ActiveCfg = Debug|Any CPU
		{6E8C6FFA-A460-4B65-92FC-816AA83DE2BB}.Debug|Any CPU.Build.0 = Debug|Any CPU
		{6E8C6FFA-A460-4B65-92FC-816AA83DE2BB}.Release|Any CPU.ActiveCfg = Release|Any CPU
		{6E8C6FFA-A460-4B65-92FC-816AA83DE2BB}.Release|Any CPU.Build.0 = Release|Any CPU
	EndGlobalSection
	GlobalSection(SolutionProperties) = preSolution
		HideSolutionNode = FALSE
	EndGlobalSection
	GlobalSection(ExtensibilityGlobals) = postSolution
		SolutionGuid = {D9D8FC4B-E1D7-48AC-816A-5B118457C3B4}
	EndGlobalSection
EndGlobal
